
Microsoft Visual Studio Solution File, Format Version 12.00
# Visual Studio Version 17
VisualStudioVersion = 17.7.34009.444
MinimumVisualStudioVersion = 10.0.40219.1
Project("{FAE04EC0-301F-11D3-BF4B-00C04F79EFBC}") = "RegisterServiceWithReflection", "RegisterServiceWithReflection.csproj", "{A707E9EB-60DA-49E7-81D0-96C26FAE3ABA}"
EndProject
Global
	GlobalSection(SolutionConfigurationPlatforms) = preSolution
		Debug|Any CPU = Debug|Any CPU
		Release|Any CPU = Release|Any CPU
	EndGlobalSection
	GlobalSection(ProjectConfigurationPlatforms) = postSolution
		{A707E9EB-60DA-49E7-81D0-96C26FAE3ABA}.Debug|Any CPU.ActiveCfg = Debug|Any CPU
		{A707E9EB-60DA-49E7-81D0-96C26FAE3ABA}.Debug|Any CPU.Build.0 = Debug|Any CPU
		{A707E9EB-60DA-49E7-81D0-96C26FAE3ABA}.Release|Any CPU.ActiveCfg = Release|Any CPU
		{A707E9EB-60DA-49E7-81D0-96C26FAE3ABA}.Release|Any CPU.Build.0 = Release|Any CPU
	EndGlobalSection
	GlobalSection(SolutionProperties) = preSolution
		HideSolutionNode = FALSE
	EndGlobalSection
	GlobalSection(ExtensibilityGlobals) = postSolution
		SolutionGuid = {B5DDE49C-E59C-44AF-94C5-0B5737B86994}
	EndGlobalSection
EndGlobal
