
Microsoft Visual Studio Solution File, Format Version 12.00
# Visual Studio Version 17
VisualStudioVersion = 17.2.32516.85
MinimumVisualStudioVersion = 10.0.40219.1
Project("{FAE04EC0-301F-11D3-BF4B-00C04F79EFBC}") = "RESTServer", "RESTServer.csproj", "{6FA01F54-784B-4366-B069-57B7F7789ED5}"
EndProject
Project("{FAE04EC0-301F-11D3-BF4B-00C04F79EFBC}") = "RESTCommon", "..\RESTCommon\RESTCommon.csproj", "{1A4AA481-709D-41E4-BECB-3AE2502C219F}"
EndProject
Project("{FAE04EC0-301F-11D3-BF4B-00C04F79EFBC}") = "RESTClient", "..\RESTClient\RESTClient.csproj", "{70E44C2D-247B-49E0-B50F-C747E39C940B}"
EndProject
Global
	GlobalSection(SolutionConfigurationPlatforms) = preSolution
		Debug|Any CPU = Debug|Any CPU
		Release|Any CPU = Release|Any CPU
	EndGlobalSection
	GlobalSection(ProjectConfigurationPlatforms) = postSolution
		{6FA01F54-784B-4366-B069-57B7F7789ED5}.Debug|Any CPU.ActiveCfg = Debug|Any CPU
		{6FA01F54-784B-4366-B069-57B7F7789ED5}.Debug|Any CPU.Build.0 = Debug|Any CPU
		{6FA01F54-784B-4366-B069-57B7F7789ED5}.Release|Any CPU.ActiveCfg = Release|Any CPU
		{6FA01F54-784B-4366-B069-57B7F7789ED5}.Release|Any CPU.Build.0 = Release|Any CPU
		{1A4AA481-709D-41E4-BECB-3AE2502C219F}.Debug|Any CPU.ActiveCfg = Debug|Any CPU
		{1A4AA481-709D-41E4-BECB-3AE2502C219F}.Debug|Any CPU.Build.0 = Debug|Any CPU
		{1A4AA481-709D-41E4-BECB-3AE2502C219F}.Release|Any CPU.ActiveCfg = Release|Any CPU
		{1A4AA481-709D-41E4-BECB-3AE2502C219F}.Release|Any CPU.Build.0 = Release|Any CPU
		{70E44C2D-247B-49E0-B50F-C747E39C940B}.Debug|Any CPU.ActiveCfg = Debug|Any CPU
		{70E44C2D-247B-49E0-B50F-C747E39C940B}.Debug|Any CPU.Build.0 = Debug|Any CPU
		{70E44C2D-247B-49E0-B50F-C747E39C940B}.Release|Any CPU.ActiveCfg = Release|Any CPU
		{70E44C2D-247B-49E0-B50F-C747E39C940B}.Release|Any CPU.Build.0 = Release|Any CPU
	EndGlobalSection
	GlobalSection(SolutionProperties) = preSolution
		HideSolutionNode = FALSE
	EndGlobalSection
	GlobalSection(ExtensibilityGlobals) = postSolution
		SolutionGuid = {1873D739-8AF5-44F5-8427-B6C88BD4B6C5}
	EndGlobalSection
EndGlobal
