
Microsoft Visual Studio Solution File, Format Version 12.00
# Visual Studio Version 17
VisualStudioVersion = 17.5.33530.505
MinimumVisualStudioVersion = 10.0.40219.1
Project("{FAE04EC0-301F-11D3-BF4B-00C04F79EFBC}") = "EmitLogDirect", "EmitLogDirect.csproj", "{931AC756-47B7-4B4B-A8AD-6BC0AB8947DA}"
EndProject
Global
	GlobalSection(SolutionConfigurationPlatforms) = preSolution
		Debug|Any CPU = Debug|Any CPU
		Release|Any CPU = Release|Any CPU
	EndGlobalSection
	GlobalSection(ProjectConfigurationPlatforms) = postSolution
		{931AC756-47B7-4B4B-A8AD-6BC0AB8947DA}.Debug|Any CPU.ActiveCfg = Debug|Any CPU
		{931AC756-47B7-4B4B-A8AD-6BC0AB8947DA}.Debug|Any CPU.Build.0 = Debug|Any CPU
		{931AC756-47B7-4B4B-A8AD-6BC0AB8947DA}.Release|Any CPU.ActiveCfg = Release|Any CPU
		{931AC756-47B7-4B4B-A8AD-6BC0AB8947DA}.Release|Any CPU.Build.0 = Release|Any CPU
	EndGlobalSection
	GlobalSection(SolutionProperties) = preSolution
		HideSolutionNode = FALSE
	EndGlobalSection
	GlobalSection(ExtensibilityGlobals) = postSolution
		SolutionGuid = {E1F40A27-D74D-4A9A-9EC9-3836672922AE}
	EndGlobalSection
EndGlobal
