
Microsoft Visual Studio Solution File, Format Version 12.00
# Visual Studio Version 17
VisualStudioVersion = 17.2.32516.85
MinimumVisualStudioVersion = 10.0.40219.1
Project("{FAE04EC0-301F-11D3-BF4B-00C04F79EFBC}") = "MinimalAPIDapperDemo", "MinimalAPIDapperDemo\MinimalAPIDapperDemo.csproj", "{F455A4B2-8938-42FF-8220-038DE3E3DDCD}"
EndProject
Project("{00D1A9C2-B5F0-4AF3-8072-F6C62B433612}") = "UserDB", "UserDB\UserDB.sqlproj", "{DBB678BE-2CCB-491A-9357-0037237CB8F3}"
EndProject
Project("{FAE04EC0-301F-11D3-BF4B-00C04F79EFBC}") = "DataAccess", "DataAccess\DataAccess.csproj", "{55E7BA9D-5DE1-4B03-B61B-47547FE9D737}"
EndProject
Global
	GlobalSection(SolutionConfigurationPlatforms) = preSolution
		Debug|Any CPU = Debug|Any CPU
		Release|Any CPU = Release|Any CPU
	EndGlobalSection
	GlobalSection(ProjectConfigurationPlatforms) = postSolution
		{F455A4B2-8938-42FF-8220-038DE3E3DDCD}.Debug|Any CPU.ActiveCfg = Debug|Any CPU
		{F455A4B2-8938-42FF-8220-038DE3E3DDCD}.Debug|Any CPU.Build.0 = Debug|Any CPU
		{F455A4B2-8938-42FF-8220-038DE3E3DDCD}.Release|Any CPU.ActiveCfg = Release|Any CPU
		{F455A4B2-8938-42FF-8220-038DE3E3DDCD}.Release|Any CPU.Build.0 = Release|Any CPU
		{DBB678BE-2CCB-491A-9357-0037237CB8F3}.Debug|Any CPU.ActiveCfg = Debug|Any CPU
		{DBB678BE-2CCB-491A-9357-0037237CB8F3}.Debug|Any CPU.Build.0 = Debug|Any CPU
		{DBB678BE-2CCB-491A-9357-0037237CB8F3}.Debug|Any CPU.Deploy.0 = Debug|Any CPU
		{DBB678BE-2CCB-491A-9357-0037237CB8F3}.Release|Any CPU.ActiveCfg = Release|Any CPU
		{DBB678BE-2CCB-491A-9357-0037237CB8F3}.Release|Any CPU.Build.0 = Release|Any CPU
		{DBB678BE-2CCB-491A-9357-0037237CB8F3}.Release|Any CPU.Deploy.0 = Release|Any CPU
		{55E7BA9D-5DE1-4B03-B61B-47547FE9D737}.Debug|Any CPU.ActiveCfg = Debug|Any CPU
		{55E7BA9D-5DE1-4B03-B61B-47547FE9D737}.Debug|Any CPU.Build.0 = Debug|Any CPU
		{55E7BA9D-5DE1-4B03-B61B-47547FE9D737}.Release|Any CPU.ActiveCfg = Release|Any CPU
		{55E7BA9D-5DE1-4B03-B61B-47547FE9D737}.Release|Any CPU.Build.0 = Release|Any CPU
	EndGlobalSection
	GlobalSection(SolutionProperties) = preSolution
		HideSolutionNode = FALSE
	EndGlobalSection
	GlobalSection(ExtensibilityGlobals) = postSolution
		SolutionGuid = {A3D20E53-314E-4AD5-AA44-19D29EC0DFC0}
	EndGlobalSection
EndGlobal
