
Microsoft Visual Studio Solution File, Format Version 12.00
# Visual Studio Version 17
VisualStudioVersion = 17.8.34322.80
MinimumVisualStudioVersion = 10.0.40219.1
Project("{FAE04EC0-301F-11D3-BF4B-00C04F79EFBC}") = "PrimaryConstructors", "PrimaryConstructors\PrimaryConstructors.csproj", "{7FC9A754-918D-4BF0-8CCA-2F0E4B771A12}"
EndProject
Global
	GlobalSection(SolutionConfigurationPlatforms) = preSolution
		Debug|Any CPU = Debug|Any CPU
		Release|Any CPU = Release|Any CPU
	EndGlobalSection
	GlobalSection(ProjectConfigurationPlatforms) = postSolution
		{7FC9A754-918D-4BF0-8CCA-2F0E4B771A12}.Debug|Any CPU.ActiveCfg = Debug|Any CPU
		{7FC9A754-918D-4BF0-8CCA-2F0E4B771A12}.Debug|Any CPU.Build.0 = Debug|Any CPU
		{7FC9A754-918D-4BF0-8CCA-2F0E4B771A12}.Release|Any CPU.ActiveCfg = Release|Any CPU
		{7FC9A754-918D-4BF0-8CCA-2F0E4B771A12}.Release|Any CPU.Build.0 = Release|Any CPU
	EndGlobalSection
	GlobalSection(SolutionProperties) = preSolution
		HideSolutionNode = FALSE
	EndGlobalSection
	GlobalSection(ExtensibilityGlobals) = postSolution
		SolutionGuid = {F46A8BD9-C656-4C03-8F6B-411DAF274883}
	EndGlobalSection
EndGlobal
