
Microsoft Visual Studio Solution File, Format Version 12.00
# Visual Studio Version 17
VisualStudioVersion = 17.8.34322.80
MinimumVisualStudioVersion = 10.0.40219.1
Project("{9A19103F-16F7-4668-BE54-9A1E7A4F7556}") = "PrimaryConstructors", "PrimaryConstructors\PrimaryConstructors.csproj", "{7FC9A754-918D-4BF0-8CCA-2F0E4B771A12}"
EndProject
Project("{FAE04EC0-301F-11D3-BF4B-00C04F79EFBC}") = "CollectionExpressions", "CollectionExpressions\CollectionExpressions.csproj", "{7E4E4BFC-7B2D-469D-9CB2-CA1D46E82A83}"
EndProject
Project("{FAE04EC0-301F-11D3-BF4B-00C04F79EFBC}") = "RefReadonlyParameters", "RefReadonlyParameters\RefReadonlyParameters.csproj", "{FD26F005-C71A-4AC9-B631-BDD437E3B05B}"
EndProject
Project("{FAE04EC0-301F-11D3-BF4B-00C04F79EFBC}") = "DefaultLambdaParameters", "DefaultLambdaParameters\DefaultLambdaParameters.csproj", "{4B699645-EF83-45D2-A945-D25A53803CE3}"
EndProject
Project("{FAE04EC0-301F-11D3-BF4B-00C04F79EFBC}") = "AliasAnyType", "AliasAnyType\AliasAnyType.csproj", "{AD25A9C4-D2E9-4E88-8C31-E1BB588A62A6}"
EndProject
Project("{FAE04EC0-301F-11D3-BF4B-00C04F79EFBC}") = "InlineArrays", "InlineArrays\InlineArrays.csproj", "{35224909-8423-4F87-9685-2E824B4421D7}"
EndProject
Global
	GlobalSection(SolutionConfigurationPlatforms) = preSolution
		Debug|Any CPU = Debug|Any CPU
		Release|Any CPU = Release|Any CPU
	EndGlobalSection
	GlobalSection(ProjectConfigurationPlatforms) = postSolution
		{7FC9A754-918D-4BF0-8CCA-2F0E4B771A12}.Debug|Any CPU.ActiveCfg = Debug|Any CPU
		{7FC9A754-918D-4BF0-8CCA-2F0E4B771A12}.Debug|Any CPU.Build.0 = Debug|Any CPU
		{7FC9A754-918D-4BF0-8CCA-2F0E4B771A12}.Release|Any CPU.ActiveCfg = Release|Any CPU
		{7FC9A754-918D-4BF0-8CCA-2F0E4B771A12}.Release|Any CPU.Build.0 = Release|Any CPU
		{7E4E4BFC-7B2D-469D-9CB2-CA1D46E82A83}.Debug|Any CPU.ActiveCfg = Debug|Any CPU
		{7E4E4BFC-7B2D-469D-9CB2-CA1D46E82A83}.Debug|Any CPU.Build.0 = Debug|Any CPU
		{7E4E4BFC-7B2D-469D-9CB2-CA1D46E82A83}.Release|Any CPU.ActiveCfg = Release|Any CPU
		{7E4E4BFC-7B2D-469D-9CB2-CA1D46E82A83}.Release|Any CPU.Build.0 = Release|Any CPU
		{FD26F005-C71A-4AC9-B631-BDD437E3B05B}.Debug|Any CPU.ActiveCfg = Debug|Any CPU
		{FD26F005-C71A-4AC9-B631-BDD437E3B05B}.Debug|Any CPU.Build.0 = Debug|Any CPU
		{FD26F005-C71A-4AC9-B631-BDD437E3B05B}.Release|Any CPU.ActiveCfg = Release|Any CPU
		{FD26F005-C71A-4AC9-B631-BDD437E3B05B}.Release|Any CPU.Build.0 = Release|Any CPU
		{4B699645-EF83-45D2-A945-D25A53803CE3}.Debug|Any CPU.ActiveCfg = Debug|Any CPU
		{4B699645-EF83-45D2-A945-D25A53803CE3}.Debug|Any CPU.Build.0 = Debug|Any CPU
		{4B699645-EF83-45D2-A945-D25A53803CE3}.Release|Any CPU.ActiveCfg = Release|Any CPU
		{4B699645-EF83-45D2-A945-D25A53803CE3}.Release|Any CPU.Build.0 = Release|Any CPU
		{AD25A9C4-D2E9-4E88-8C31-E1BB588A62A6}.Debug|Any CPU.ActiveCfg = Debug|Any CPU
		{AD25A9C4-D2E9-4E88-8C31-E1BB588A62A6}.Debug|Any CPU.Build.0 = Debug|Any CPU
		{AD25A9C4-D2E9-4E88-8C31-E1BB588A62A6}.Release|Any CPU.ActiveCfg = Release|Any CPU
		{AD25A9C4-D2E9-4E88-8C31-E1BB588A62A6}.Release|Any CPU.Build.0 = Release|Any CPU
		{35224909-8423-4F87-9685-2E824B4421D7}.Debug|Any CPU.ActiveCfg = Debug|Any CPU
		{35224909-8423-4F87-9685-2E824B4421D7}.Debug|Any CPU.Build.0 = Debug|Any CPU
		{35224909-8423-4F87-9685-2E824B4421D7}.Release|Any CPU.ActiveCfg = Release|Any CPU
		{35224909-8423-4F87-9685-2E824B4421D7}.Release|Any CPU.Build.0 = Release|Any CPU
	EndGlobalSection
	GlobalSection(SolutionProperties) = preSolution
		HideSolutionNode = FALSE
	EndGlobalSection
	GlobalSection(ExtensibilityGlobals) = postSolution
		SolutionGuid = {F46A8BD9-C656-4C03-8F6B-411DAF274883}
	EndGlobalSection
EndGlobal
