
Microsoft Visual Studio Solution File, Format Version 12.00
# Visual Studio Version 17
VisualStudioVersion = 17.2.32602.215
MinimumVisualStudioVersion = 10.0.40219.1
Project("{9A19103F-16F7-4668-BE54-9A1E7A4F7556}") = "CalculateFactorial", "CalculateFactorial\CalculateFactorial.csproj", "{881501FA-A607-4C52-A9E8-165FCCE54DCC}"
EndProject
Project("{9A19103F-16F7-4668-BE54-9A1E7A4F7556}") = "NumberDigitsSum", "NumberDigitsSum\NumberDigitsSum.csproj", "{C65B41D1-7C50-44F3-906A-6E7DD18367CF}"
EndProject
Project("{9A19103F-16F7-4668-BE54-9A1E7A4F7556}") = "ConvertIntegerToBinary", "ConvertIntegerToBinary\ConvertIntegerToBinary.csproj", "{1D0A8EAB-91A9-4EBC-BD0D-216CA9BEBFE2}"
EndProject
Project("{FAE04EC0-301F-11D3-BF4B-00C04F79EFBC}") = "CalculatePowerOfNumber", "CalculatePowerOfNumber\CalculatePowerOfNumber.csproj", "{F1B360F1-EB10-4531-A80B-686200995A94}"
EndProject
Global
	GlobalSection(SolutionConfigurationPlatforms) = preSolution
		Debug|Any CPU = Debug|Any CPU
		Release|Any CPU = Release|Any CPU
	EndGlobalSection
	GlobalSection(ProjectConfigurationPlatforms) = postSolution
		{881501FA-A607-4C52-A9E8-165FCCE54DCC}.Debug|Any CPU.ActiveCfg = Debug|Any CPU
		{881501FA-A607-4C52-A9E8-165FCCE54DCC}.Debug|Any CPU.Build.0 = Debug|Any CPU
		{881501FA-A607-4C52-A9E8-165FCCE54DCC}.Release|Any CPU.ActiveCfg = Release|Any CPU
		{881501FA-A607-4C52-A9E8-165FCCE54DCC}.Release|Any CPU.Build.0 = Release|Any CPU
		{C65B41D1-7C50-44F3-906A-6E7DD18367CF}.Debug|Any CPU.ActiveCfg = Debug|Any CPU
		{C65B41D1-7C50-44F3-906A-6E7DD18367CF}.Debug|Any CPU.Build.0 = Debug|Any CPU
		{C65B41D1-7C50-44F3-906A-6E7DD18367CF}.Release|Any CPU.ActiveCfg = Release|Any CPU
		{C65B41D1-7C50-44F3-906A-6E7DD18367CF}.Release|Any CPU.Build.0 = Release|Any CPU
		{1D0A8EAB-91A9-4EBC-BD0D-216CA9BEBFE2}.Debug|Any CPU.ActiveCfg = Debug|Any CPU
		{1D0A8EAB-91A9-4EBC-BD0D-216CA9BEBFE2}.Debug|Any CPU.Build.0 = Debug|Any CPU
		{1D0A8EAB-91A9-4EBC-BD0D-216CA9BEBFE2}.Release|Any CPU.ActiveCfg = Release|Any CPU
		{1D0A8EAB-91A9-4EBC-BD0D-216CA9BEBFE2}.Release|Any CPU.Build.0 = Release|Any CPU
		{F1B360F1-EB10-4531-A80B-686200995A94}.Debug|Any CPU.ActiveCfg = Debug|Any CPU
		{F1B360F1-EB10-4531-A80B-686200995A94}.Debug|Any CPU.Build.0 = Debug|Any CPU
		{F1B360F1-EB10-4531-A80B-686200995A94}.Release|Any CPU.ActiveCfg = Release|Any CPU
		{F1B360F1-EB10-4531-A80B-686200995A94}.Release|Any CPU.Build.0 = Release|Any CPU
	EndGlobalSection
	GlobalSection(SolutionProperties) = preSolution
		HideSolutionNode = FALSE
	EndGlobalSection
	GlobalSection(ExtensibilityGlobals) = postSolution
		SolutionGuid = {D0D66ED4-5AA9-422C-A9A3-0E5B2E18E68F}
	EndGlobalSection
EndGlobal
