
Microsoft Visual Studio Solution File, Format Version 12.00
# Visual Studio Version 17
VisualStudioVersion = 17.5.33530.505
MinimumVisualStudioVersion = 10.0.40219.1
Project("{9A19103F-16F7-4668-BE54-9A1E7A4F7556}") = "BlazorServer", "BlazorServer.csproj", "{497E56D0-C887-418D-A03D-A6B35375F357}"
EndProject
Project("{FAE04EC0-301F-11D3-BF4B-00C04F79EFBC}") = "WPFClient", "..\WPFClient\WPFClient.csproj", "{AEF4FB08-BA4E-424D-A355-89C4592DA704}"
EndProject
Global
	GlobalSection(SolutionConfigurationPlatforms) = preSolution
		Debug|Any CPU = Debug|Any CPU
		Release|Any CPU = Release|Any CPU
	EndGlobalSection
	GlobalSection(ProjectConfigurationPlatforms) = postSolution
		{497E56D0-C887-418D-A03D-A6B35375F357}.Debug|Any CPU.ActiveCfg = Debug|Any CPU
		{497E56D0-C887-418D-A03D-A6B35375F357}.Debug|Any CPU.Build.0 = Debug|Any CPU
		{497E56D0-C887-418D-A03D-A6B35375F357}.Release|Any CPU.ActiveCfg = Release|Any CPU
		{497E56D0-C887-418D-A03D-A6B35375F357}.Release|Any CPU.Build.0 = Release|Any CPU
		{AEF4FB08-BA4E-424D-A355-89C4592DA704}.Debug|Any CPU.ActiveCfg = Debug|Any CPU
		{AEF4FB08-BA4E-424D-A355-89C4592DA704}.Debug|Any CPU.Build.0 = Debug|Any CPU
		{AEF4FB08-BA4E-424D-A355-89C4592DA704}.Release|Any CPU.ActiveCfg = Release|Any CPU
		{AEF4FB08-BA4E-424D-A355-89C4592DA704}.Release|Any CPU.Build.0 = Release|Any CPU
	EndGlobalSection
	GlobalSection(SolutionProperties) = preSolution
		HideSolutionNode = FALSE
	EndGlobalSection
	GlobalSection(ExtensibilityGlobals) = postSolution
		SolutionGuid = {4821E06A-26C4-47DD-ACED-4E1FC7242C58}
	EndGlobalSection
EndGlobal
