
Microsoft Visual Studio Solution File, Format Version 12.00
# Visual Studio Version 17
VisualStudioVersion = 17.4.33110.190
MinimumVisualStudioVersion = 10.0.40219.1
Project("{9A19103F-16F7-4668-BE54-9A1E7A4F7556}") = "RawStringLiterals", "RawStringLiterals\RawStringLiterals.csproj", "{3C83BF9E-6136-480F-8F41-BB1F93711FC7}"
EndProject
Project("{9A19103F-16F7-4668-BE54-9A1E7A4F7556}") = "ListPatterns", "ListPatterns\ListPatterns.csproj", "{F063FBDC-445C-4666-8022-1D7EDC4E9533}"
EndProject
Project("{9A19103F-16F7-4668-BE54-9A1E7A4F7556}") = "GenericsOnAttributes", "GenericsOnAttributes\GenericsOnAttributes.csproj", "{4E5B0AB9-DFFB-4881-81F6-91953DCB3054}"
EndProject
Project("{9A19103F-16F7-4668-BE54-9A1E7A4F7556}") = "ExtendedNameOfScope", "ExtendedNameOfScope\ExtendedNameOfScope.csproj", "{E14B3C2A-1F8E-4AC8-AC78-DDC8BD5D20DF}"
EndProject
Project("{9A19103F-16F7-4668-BE54-9A1E7A4F7556}") = "Utf8StringLiterals", "Utf8StringLiterals\Utf8StringLiterals.csproj", "{52489EB9-7AD1-4177-8EB1-64DA6CABD864}"
EndProject
Project("{9A19103F-16F7-4668-BE54-9A1E7A4F7556}") = "StringInterpolatedNewLine", "StringInterpolatedNewLine\StringInterpolatedNewLine.csproj", "{C1916DD6-BE3B-4932-8132-BA07E84FD134}"
EndProject
Project("{9A19103F-16F7-4668-BE54-9A1E7A4F7556}") = "GenericMath", "GenericMath\GenericMath.csproj", "{7E5CD7BC-DBF7-49C4-9804-41CD6EBFD099}"
EndProject
Project("{9A19103F-16F7-4668-BE54-9A1E7A4F7556}") = "RequiredMembers", "RequiredMembers\RequiredMembers.csproj", "{DBA11A4A-1E0D-4EBE-B9A7-20D98DE0992B}"
EndProject
Project("{9A19103F-16F7-4668-BE54-9A1E7A4F7556}") = "FileScopedTypes", "FileScopedTypes\FileScopedTypes.csproj", "{0DC3FAEC-71C1-4490-98D2-79A612F9E460}"
EndProject
Project("{9A19103F-16F7-4668-BE54-9A1E7A4F7556}") = "PatternMatchSpan", "PatternMatchSpan\PatternMatchSpan.csproj", "{14042B34-5004-477F-A19E-5091E980CA48}"
EndProject
Project("{9A19103F-16F7-4668-BE54-9A1E7A4F7556}") = "AutoDefaultStruct", "AutoDefaultStruct\AutoDefaultStruct.csproj", "{2EFDAEF1-EA13-41ED-9AF0-A69389D1562B}"
EndProject
Project("{FAE04EC0-301F-11D3-BF4B-00C04F79EFBC}") = "ImprovedMethodGroup", "ImprovedMethodGroup\ImprovedMethodGroup.csproj", "{89071045-54EC-47F4-8C47-47126269316B}"
EndProject
Project("{FAE04EC0-301F-11D3-BF4B-00C04F79EFBC}") = "NumericIntPtr", "NumericIntPtr\NumericIntPtr.csproj", "{BB5AC2D5-7A2A-456A-842F-119784720976}"
EndProject
Project("{FAE04EC0-301F-11D3-BF4B-00C04F79EFBC}") = "RefFieldsScoped", "RefFieldsScoped\RefFieldsScoped.csproj", "{A1BFB1D8-C933-4C3F-8AE8-8E1A5860899B}"
EndProject
Global
	GlobalSection(SolutionConfigurationPlatforms) = preSolution
		Debug|Any CPU = Debug|Any CPU
		Release|Any CPU = Release|Any CPU
	EndGlobalSection
	GlobalSection(ProjectConfigurationPlatforms) = postSolution
		{3C83BF9E-6136-480F-8F41-BB1F93711FC7}.Debug|Any CPU.ActiveCfg = Debug|Any CPU
		{3C83BF9E-6136-480F-8F41-BB1F93711FC7}.Debug|Any CPU.Build.0 = Debug|Any CPU
		{3C83BF9E-6136-480F-8F41-BB1F93711FC7}.Release|Any CPU.ActiveCfg = Release|Any CPU
		{3C83BF9E-6136-480F-8F41-BB1F93711FC7}.Release|Any CPU.Build.0 = Release|Any CPU
		{F063FBDC-445C-4666-8022-1D7EDC4E9533}.Debug|Any CPU.ActiveCfg = Debug|Any CPU
		{F063FBDC-445C-4666-8022-1D7EDC4E9533}.Debug|Any CPU.Build.0 = Debug|Any CPU
		{F063FBDC-445C-4666-8022-1D7EDC4E9533}.Release|Any CPU.ActiveCfg = Release|Any CPU
		{F063FBDC-445C-4666-8022-1D7EDC4E9533}.Release|Any CPU.Build.0 = Release|Any CPU
		{4E5B0AB9-DFFB-4881-81F6-91953DCB3054}.Debug|Any CPU.ActiveCfg = Debug|Any CPU
		{4E5B0AB9-DFFB-4881-81F6-91953DCB3054}.Debug|Any CPU.Build.0 = Debug|Any CPU
		{4E5B0AB9-DFFB-4881-81F6-91953DCB3054}.Release|Any CPU.ActiveCfg = Release|Any CPU
		{4E5B0AB9-DFFB-4881-81F6-91953DCB3054}.Release|Any CPU.Build.0 = Release|Any CPU
		{E14B3C2A-1F8E-4AC8-AC78-DDC8BD5D20DF}.Debug|Any CPU.ActiveCfg = Debug|Any CPU
		{E14B3C2A-1F8E-4AC8-AC78-DDC8BD5D20DF}.Debug|Any CPU.Build.0 = Debug|Any CPU
		{E14B3C2A-1F8E-4AC8-AC78-DDC8BD5D20DF}.Release|Any CPU.ActiveCfg = Release|Any CPU
		{E14B3C2A-1F8E-4AC8-AC78-DDC8BD5D20DF}.Release|Any CPU.Build.0 = Release|Any CPU
		{52489EB9-7AD1-4177-8EB1-64DA6CABD864}.Debug|Any CPU.ActiveCfg = Debug|Any CPU
		{52489EB9-7AD1-4177-8EB1-64DA6CABD864}.Debug|Any CPU.Build.0 = Debug|Any CPU
		{52489EB9-7AD1-4177-8EB1-64DA6CABD864}.Release|Any CPU.ActiveCfg = Release|Any CPU
		{52489EB9-7AD1-4177-8EB1-64DA6CABD864}.Release|Any CPU.Build.0 = Release|Any CPU
		{C1916DD6-BE3B-4932-8132-BA07E84FD134}.Debug|Any CPU.ActiveCfg = Debug|Any CPU
		{C1916DD6-BE3B-4932-8132-BA07E84FD134}.Debug|Any CPU.Build.0 = Debug|Any CPU
		{C1916DD6-BE3B-4932-8132-BA07E84FD134}.Release|Any CPU.ActiveCfg = Release|Any CPU
		{C1916DD6-BE3B-4932-8132-BA07E84FD134}.Release|Any CPU.Build.0 = Release|Any CPU
		{7E5CD7BC-DBF7-49C4-9804-41CD6EBFD099}.Debug|Any CPU.ActiveCfg = Debug|Any CPU
		{7E5CD7BC-DBF7-49C4-9804-41CD6EBFD099}.Debug|Any CPU.Build.0 = Debug|Any CPU
		{7E5CD7BC-DBF7-49C4-9804-41CD6EBFD099}.Release|Any CPU.ActiveCfg = Release|Any CPU
		{7E5CD7BC-DBF7-49C4-9804-41CD6EBFD099}.Release|Any CPU.Build.0 = Release|Any CPU
		{DBA11A4A-1E0D-4EBE-B9A7-20D98DE0992B}.Debug|Any CPU.ActiveCfg = Debug|Any CPU
		{DBA11A4A-1E0D-4EBE-B9A7-20D98DE0992B}.Debug|Any CPU.Build.0 = Debug|Any CPU
		{DBA11A4A-1E0D-4EBE-B9A7-20D98DE0992B}.Release|Any CPU.ActiveCfg = Release|Any CPU
		{DBA11A4A-1E0D-4EBE-B9A7-20D98DE0992B}.Release|Any CPU.Build.0 = Release|Any CPU
		{0DC3FAEC-71C1-4490-98D2-79A612F9E460}.Debug|Any CPU.ActiveCfg = Debug|Any CPU
		{0DC3FAEC-71C1-4490-98D2-79A612F9E460}.Debug|Any CPU.Build.0 = Debug|Any CPU
		{0DC3FAEC-71C1-4490-98D2-79A612F9E460}.Release|Any CPU.ActiveCfg = Release|Any CPU
		{0DC3FAEC-71C1-4490-98D2-79A612F9E460}.Release|Any CPU.Build.0 = Release|Any CPU
		{14042B34-5004-477F-A19E-5091E980CA48}.Debug|Any CPU.ActiveCfg = Debug|Any CPU
		{14042B34-5004-477F-A19E-5091E980CA48}.Debug|Any CPU.Build.0 = Debug|Any CPU
		{14042B34-5004-477F-A19E-5091E980CA48}.Release|Any CPU.ActiveCfg = Release|Any CPU
		{14042B34-5004-477F-A19E-5091E980CA48}.Release|Any CPU.Build.0 = Release|Any CPU
		{2EFDAEF1-EA13-41ED-9AF0-A69389D1562B}.Debug|Any CPU.ActiveCfg = Debug|Any CPU
		{2EFDAEF1-EA13-41ED-9AF0-A69389D1562B}.Debug|Any CPU.Build.0 = Debug|Any CPU
		{2EFDAEF1-EA13-41ED-9AF0-A69389D1562B}.Release|Any CPU.ActiveCfg = Release|Any CPU
		{2EFDAEF1-EA13-41ED-9AF0-A69389D1562B}.Release|Any CPU.Build.0 = Release|Any CPU
		{89071045-54EC-47F4-8C47-47126269316B}.Debug|Any CPU.ActiveCfg = Debug|Any CPU
		{89071045-54EC-47F4-8C47-47126269316B}.Debug|Any CPU.Build.0 = Debug|Any CPU
		{89071045-54EC-47F4-8C47-47126269316B}.Release|Any CPU.ActiveCfg = Release|Any CPU
		{89071045-54EC-47F4-8C47-47126269316B}.Release|Any CPU.Build.0 = Release|Any CPU
		{BB5AC2D5-7A2A-456A-842F-119784720976}.Debug|Any CPU.ActiveCfg = Debug|Any CPU
		{BB5AC2D5-7A2A-456A-842F-119784720976}.Debug|Any CPU.Build.0 = Debug|Any CPU
		{BB5AC2D5-7A2A-456A-842F-119784720976}.Release|Any CPU.ActiveCfg = Release|Any CPU
		{BB5AC2D5-7A2A-456A-842F-119784720976}.Release|Any CPU.Build.0 = Release|Any CPU
		{A1BFB1D8-C933-4C3F-8AE8-8E1A5860899B}.Debug|Any CPU.ActiveCfg = Debug|Any CPU
		{A1BFB1D8-C933-4C3F-8AE8-8E1A5860899B}.Debug|Any CPU.Build.0 = Debug|Any CPU
		{A1BFB1D8-C933-4C3F-8AE8-8E1A5860899B}.Release|Any CPU.ActiveCfg = Release|Any CPU
		{A1BFB1D8-C933-4C3F-8AE8-8E1A5860899B}.Release|Any CPU.Build.0 = Release|Any CPU
	EndGlobalSection
	GlobalSection(SolutionProperties) = preSolution
		HideSolutionNode = FALSE
	EndGlobalSection
	GlobalSection(ExtensibilityGlobals) = postSolution
		SolutionGuid = {A2F7324C-4A4E-4CEA-82E0-334BAB41EE1E}
	EndGlobalSection
EndGlobal
