
Microsoft Visual Studio Solution File, Format Version 12.00
# Visual Studio Version 17
VisualStudioVersion = 17.12.35527.113
MinimumVisualStudioVersion = 10.0.40219.1
Project("{FAE04EC0-301F-11D3-BF4B-00C04F79EFBC}") = "HybridCache", "HybridCache\HybridCache.csproj", "{B55471E9-8FFE-476F-A948-DA286C17EB86}"
EndProject
Project("{FAE04EC0-301F-11D3-BF4B-00C04F79EFBC}") = "NewLockObject", "NewLockObject\NewLockObject.csproj", "{5DD3A8F8-4712-4706-A0D4-ED1970F697B1}"
EndProject
Project("{FAE04EC0-301F-11D3-BF4B-00C04F79EFBC}") = "ParamsCollections", "ParamsCollections\ParamsCollections.csproj", "{49A5A935-D3F9-43E0-90E0-D210D67D97EF}"
EndProject
Project("{FAE04EC0-301F-11D3-BF4B-00C04F79EFBC}") = "WhenEachTask", "WhenEachTask\WhenEachTask.csproj", "{3977F064-A4F8-41EF-A354-72E402F5D580}"
EndProject
Global
	GlobalSection(SolutionConfigurationPlatforms) = preSolution
		Debug|Any CPU = Debug|Any CPU
		Release|Any CPU = Release|Any CPU
	EndGlobalSection
	GlobalSection(ProjectConfigurationPlatforms) = postSolution
		{B55471E9-8FFE-476F-A948-DA286C17EB86}.Debug|Any CPU.ActiveCfg = Debug|Any CPU
		{B55471E9-8FFE-476F-A948-DA286C17EB86}.Debug|Any CPU.Build.0 = Debug|Any CPU
		{B55471E9-8FFE-476F-A948-DA286C17EB86}.Release|Any CPU.ActiveCfg = Release|Any CPU
		{B55471E9-8FFE-476F-A948-DA286C17EB86}.Release|Any CPU.Build.0 = Release|Any CPU
		{5DD3A8F8-4712-4706-A0D4-ED1970F697B1}.Debug|Any CPU.ActiveCfg = Debug|Any CPU
		{5DD3A8F8-4712-4706-A0D4-ED1970F697B1}.Debug|Any CPU.Build.0 = Debug|Any CPU
		{5DD3A8F8-4712-4706-A0D4-ED1970F697B1}.Release|Any CPU.ActiveCfg = Release|Any CPU
		{5DD3A8F8-4712-4706-A0D4-ED1970F697B1}.Release|Any CPU.Build.0 = Release|Any CPU
		{49A5A935-D3F9-43E0-90E0-D210D67D97EF}.Debug|Any CPU.ActiveCfg = Debug|Any CPU
		{49A5A935-D3F9-43E0-90E0-D210D67D97EF}.Debug|Any CPU.Build.0 = Debug|Any CPU
		{49A5A935-D3F9-43E0-90E0-D210D67D97EF}.Release|Any CPU.ActiveCfg = Release|Any CPU
		{49A5A935-D3F9-43E0-90E0-D210D67D97EF}.Release|Any CPU.Build.0 = Release|Any CPU
		{3977F064-A4F8-41EF-A354-72E402F5D580}.Debug|Any CPU.ActiveCfg = Debug|Any CPU
		{3977F064-A4F8-41EF-A354-72E402F5D580}.Debug|Any CPU.Build.0 = Debug|Any CPU
		{3977F064-A4F8-41EF-A354-72E402F5D580}.Release|Any CPU.ActiveCfg = Release|Any CPU
		{3977F064-A4F8-41EF-A354-72E402F5D580}.Release|Any CPU.Build.0 = Release|Any CPU
	EndGlobalSection
	GlobalSection(SolutionProperties) = preSolution
		HideSolutionNode = FALSE
	EndGlobalSection
EndGlobal
