
Microsoft Visual Studio Solution File, Format Version 12.00
# Visual Studio Version 17
VisualStudioVersion = 17.5.33530.505
MinimumVisualStudioVersion = 10.0.40219.1
Project("{FAE04EC0-301F-11D3-BF4B-00C04F79EFBC}") = "EFCoreCompiledQueries", "EFCoreCompiledQueries.csproj", "{238AEAC0-A9B2-44FA-90AF-CE2AF34F0C79}"
EndProject
Global
	GlobalSection(SolutionConfigurationPlatforms) = preSolution
		Debug|Any CPU = Debug|Any CPU
		Release|Any CPU = Release|Any CPU
	EndGlobalSection
	GlobalSection(ProjectConfigurationPlatforms) = postSolution
		{238AEAC0-A9B2-44FA-90AF-CE2AF34F0C79}.Debug|Any CPU.ActiveCfg = Debug|Any CPU
		{238AEAC0-A9B2-44FA-90AF-CE2AF34F0C79}.Debug|Any CPU.Build.0 = Debug|Any CPU
		{238AEAC0-A9B2-44FA-90AF-CE2AF34F0C79}.Release|Any CPU.ActiveCfg = Release|Any CPU
		{238AEAC0-A9B2-44FA-90AF-CE2AF34F0C79}.Release|Any CPU.Build.0 = Release|Any CPU
	EndGlobalSection
	GlobalSection(SolutionProperties) = preSolution
		HideSolutionNode = FALSE
	EndGlobalSection
	GlobalSection(ExtensibilityGlobals) = postSolution
		SolutionGuid = {3B4E18EA-1CFF-4121-9FD0-E4EF22B3C40A}
	EndGlobalSection
EndGlobal
