
Microsoft Visual Studio Solution File, Format Version 12.00
# Visual Studio Version 17
VisualStudioVersion = 17.7.34009.444
MinimumVisualStudioVersion = 10.0.40219.1
Project("{FAE04EC0-301F-11D3-BF4B-00C04F79EFBC}") = "CustomTestRunner", "CustomTestRunner.csproj", "{763F62C3-D5F6-4652-A9DC-44CF954114BD}"
EndProject
Global
	GlobalSection(SolutionConfigurationPlatforms) = preSolution
		Debug|Any CPU = Debug|Any CPU
		Release|Any CPU = Release|Any CPU
	EndGlobalSection
	GlobalSection(ProjectConfigurationPlatforms) = postSolution
		{763F62C3-D5F6-4652-A9DC-44CF954114BD}.Debug|Any CPU.ActiveCfg = Debug|Any CPU
		{763F62C3-D5F6-4652-A9DC-44CF954114BD}.Debug|Any CPU.Build.0 = Debug|Any CPU
		{763F62C3-D5F6-4652-A9DC-44CF954114BD}.Release|Any CPU.ActiveCfg = Release|Any CPU
		{763F62C3-D5F6-4652-A9DC-44CF954114BD}.Release|Any CPU.Build.0 = Release|Any CPU
	EndGlobalSection
	GlobalSection(SolutionProperties) = preSolution
		HideSolutionNode = FALSE
	EndGlobalSection
	GlobalSection(ExtensibilityGlobals) = postSolution
		SolutionGuid = {65656CF4-CE98-4C02-A566-BB65DA92A25D}
	EndGlobalSection
EndGlobal
