
Microsoft Visual Studio Solution File, Format Version 12.00
# Visual Studio Version 17
VisualStudioVersion = 17.7.34009.444
MinimumVisualStudioVersion = 10.0.40219.1
Project("{FAE04EC0-301F-11D3-BF4B-00C04F79EFBC}") = "AutoMapperReflectionRegistration", "AutoMapperReflectionRegistration.csproj", "{B56A32D6-BD29-4405-B771-998A3E19A1EA}"
EndProject
Global
	GlobalSection(SolutionConfigurationPlatforms) = preSolution
		Debug|Any CPU = Debug|Any CPU
		Release|Any CPU = Release|Any CPU
	EndGlobalSection
	GlobalSection(ProjectConfigurationPlatforms) = postSolution
		{B56A32D6-BD29-4405-B771-998A3E19A1EA}.Debug|Any CPU.ActiveCfg = Debug|Any CPU
		{B56A32D6-BD29-4405-B771-998A3E19A1EA}.Debug|Any CPU.Build.0 = Debug|Any CPU
		{B56A32D6-BD29-4405-B771-998A3E19A1EA}.Release|Any CPU.ActiveCfg = Release|Any CPU
		{B56A32D6-BD29-4405-B771-998A3E19A1EA}.Release|Any CPU.Build.0 = Release|Any CPU
	EndGlobalSection
	GlobalSection(SolutionProperties) = preSolution
		HideSolutionNode = FALSE
	EndGlobalSection
	GlobalSection(ExtensibilityGlobals) = postSolution
		SolutionGuid = {27F029A9-893C-4028-8EA4-3F8197CE616C}
	EndGlobalSection
EndGlobal
