
Microsoft Visual Studio Solution File, Format Version 12.00
# Visual Studio Version 17
VisualStudioVersion = 17.2.32505.173
MinimumVisualStudioVersion = 10.0.40219.1
Project("{9A19103F-16F7-4668-BE54-9A1E7A4F7556}") = "gRPCServer", "gRPCServer.csproj", "{C7435D88-1806-42B2-96D2-3B292A72880E}"
EndProject
Project("{FAE04EC0-301F-11D3-BF4B-00C04F79EFBC}") = "gRPCClient", "..\gRPCClient\gRPCClient.csproj", "{26565BAC-A52B-47E6-BBE9-9DEA1E68E9C2}"
EndProject
Global
	GlobalSection(SolutionConfigurationPlatforms) = preSolution
		Debug|Any CPU = Debug|Any CPU
		Release|Any CPU = Release|Any CPU
	EndGlobalSection
	GlobalSection(ProjectConfigurationPlatforms) = postSolution
		{C7435D88-1806-42B2-96D2-3B292A72880E}.Debug|Any CPU.ActiveCfg = Debug|Any CPU
		{C7435D88-1806-42B2-96D2-3B292A72880E}.Debug|Any CPU.Build.0 = Debug|Any CPU
		{C7435D88-1806-42B2-96D2-3B292A72880E}.Release|Any CPU.ActiveCfg = Release|Any CPU
		{C7435D88-1806-42B2-96D2-3B292A72880E}.Release|Any CPU.Build.0 = Release|Any CPU
		{26565BAC-A52B-47E6-BBE9-9DEA1E68E9C2}.Debug|Any CPU.ActiveCfg = Debug|Any CPU
		{26565BAC-A52B-47E6-BBE9-9DEA1E68E9C2}.Debug|Any CPU.Build.0 = Debug|Any CPU
		{26565BAC-A52B-47E6-BBE9-9DEA1E68E9C2}.Release|Any CPU.ActiveCfg = Release|Any CPU
		{26565BAC-A52B-47E6-BBE9-9DEA1E68E9C2}.Release|Any CPU.Build.0 = Release|Any CPU
	EndGlobalSection
	GlobalSection(SolutionProperties) = preSolution
		HideSolutionNode = FALSE
	EndGlobalSection
	GlobalSection(ExtensibilityGlobals) = postSolution
		SolutionGuid = {B9E7630F-EBF9-4707-B581-3386CB5CA810}
	EndGlobalSection
EndGlobal
