
Microsoft Visual Studio Solution File, Format Version 12.00
# Visual Studio Version 17
VisualStudioVersion = 17.5.33530.505
MinimumVisualStudioVersion = 10.0.40219.1
Project("{FAE04EC0-301F-11D3-BF4B-00C04F79EFBC}") = "EmitLogTopic", "EmitLogTopic.csproj", "{FC3B8E20-043B-4D58-AB0A-223ACFD2B8B0}"
EndProject
Global
	GlobalSection(SolutionConfigurationPlatforms) = preSolution
		Debug|Any CPU = Debug|Any CPU
		Release|Any CPU = Release|Any CPU
	EndGlobalSection
	GlobalSection(ProjectConfigurationPlatforms) = postSolution
		{FC3B8E20-043B-4D58-AB0A-223ACFD2B8B0}.Debug|Any CPU.ActiveCfg = Debug|Any CPU
		{FC3B8E20-043B-4D58-AB0A-223ACFD2B8B0}.Debug|Any CPU.Build.0 = Debug|Any CPU
		{FC3B8E20-043B-4D58-AB0A-223ACFD2B8B0}.Release|Any CPU.ActiveCfg = Release|Any CPU
		{FC3B8E20-043B-4D58-AB0A-223ACFD2B8B0}.Release|Any CPU.Build.0 = Release|Any CPU
	EndGlobalSection
	GlobalSection(SolutionProperties) = preSolution
		HideSolutionNode = FALSE
	EndGlobalSection
	GlobalSection(ExtensibilityGlobals) = postSolution
		SolutionGuid = {D46E2A7C-9F77-42D2-A42F-E909D1B22C82}
	EndGlobalSection
EndGlobal
