
Microsoft Visual Studio Solution File, Format Version 12.00
# Visual Studio Version 17
VisualStudioVersion = 17.8.34322.80
MinimumVisualStudioVersion = 10.0.40219.1
Project("{FAE04EC0-301F-11D3-BF4B-00C04F79EFBC}") = "ExecuteUpdateAndExcecuteDelete", "ExecuteUpdateAndExcecuteDelete.csproj", "{EAEB414F-2F6F-4850-8CD0-941844A20BD9}"
EndProject
Global
	GlobalSection(SolutionConfigurationPlatforms) = preSolution
		Debug|Any CPU = Debug|Any CPU
		Release|Any CPU = Release|Any CPU
	EndGlobalSection
	GlobalSection(ProjectConfigurationPlatforms) = postSolution
		{EAEB414F-2F6F-4850-8CD0-941844A20BD9}.Debug|Any CPU.ActiveCfg = Debug|Any CPU
		{EAEB414F-2F6F-4850-8CD0-941844A20BD9}.Debug|Any CPU.Build.0 = Debug|Any CPU
		{EAEB414F-2F6F-4850-8CD0-941844A20BD9}.Release|Any CPU.ActiveCfg = Release|Any CPU
		{EAEB414F-2F6F-4850-8CD0-941844A20BD9}.Release|Any CPU.Build.0 = Release|Any CPU
	EndGlobalSection
	GlobalSection(SolutionProperties) = preSolution
		HideSolutionNode = FALSE
	EndGlobalSection
	GlobalSection(ExtensibilityGlobals) = postSolution
		SolutionGuid = {E5FDF80A-0D01-487B-9D3A-7415CAFEBB08}
	EndGlobalSection
EndGlobal
