
Microsoft Visual Studio Solution File, Format Version 12.00
# Visual Studio Version 17
VisualStudioVersion = 17.2.32516.85
MinimumVisualStudioVersion = 10.0.40219.1
Project("{9A19103F-16F7-4668-BE54-9A1E7A4F7556}") = "RefitServer", "RefitServer.csproj", "{BF671D86-153E-43A5-A0F8-C87AABDCC439}"
EndProject
Project("{9A19103F-16F7-4668-BE54-9A1E7A4F7556}") = "RefitCommon", "..\RefitCommon\RefitCommon.csproj", "{7902473A-6E67-41BE-9E85-1B188DC328BC}"
EndProject
Project("{FAE04EC0-301F-11D3-BF4B-00C04F79EFBC}") = "RefitClient", "..\RefitClient\RefitClient.csproj", "{0827E1B3-6EB9-4DD8-9C11-9E33B03C5854}"
EndProject
Global
	GlobalSection(SolutionConfigurationPlatforms) = preSolution
		Debug|Any CPU = Debug|Any CPU
		Release|Any CPU = Release|Any CPU
	EndGlobalSection
	GlobalSection(ProjectConfigurationPlatforms) = postSolution
		{BF671D86-153E-43A5-A0F8-C87AABDCC439}.Debug|Any CPU.ActiveCfg = Debug|Any CPU
		{BF671D86-153E-43A5-A0F8-C87AABDCC439}.Debug|Any CPU.Build.0 = Debug|Any CPU
		{BF671D86-153E-43A5-A0F8-C87AABDCC439}.Release|Any CPU.ActiveCfg = Release|Any CPU
		{BF671D86-153E-43A5-A0F8-C87AABDCC439}.Release|Any CPU.Build.0 = Release|Any CPU
		{7902473A-6E67-41BE-9E85-1B188DC328BC}.Debug|Any CPU.ActiveCfg = Debug|Any CPU
		{7902473A-6E67-41BE-9E85-1B188DC328BC}.Debug|Any CPU.Build.0 = Debug|Any CPU
		{7902473A-6E67-41BE-9E85-1B188DC328BC}.Release|Any CPU.ActiveCfg = Release|Any CPU
		{7902473A-6E67-41BE-9E85-1B188DC328BC}.Release|Any CPU.Build.0 = Release|Any CPU
		{0827E1B3-6EB9-4DD8-9C11-9E33B03C5854}.Debug|Any CPU.ActiveCfg = Debug|Any CPU
		{0827E1B3-6EB9-4DD8-9C11-9E33B03C5854}.Debug|Any CPU.Build.0 = Debug|Any CPU
		{0827E1B3-6EB9-4DD8-9C11-9E33B03C5854}.Release|Any CPU.ActiveCfg = Release|Any CPU
		{0827E1B3-6EB9-4DD8-9C11-9E33B03C5854}.Release|Any CPU.Build.0 = Release|Any CPU
	EndGlobalSection
	GlobalSection(SolutionProperties) = preSolution
		HideSolutionNode = FALSE
	EndGlobalSection
	GlobalSection(ExtensibilityGlobals) = postSolution
		SolutionGuid = {4750212F-4911-4C66-8285-731AD2E5E72A}
	EndGlobalSection
EndGlobal
