
Microsoft Visual Studio Solution File, Format Version 12.00
# Visual Studio Version 17
VisualStudioVersion = 17.2.32505.173
MinimumVisualStudioVersion = 10.0.40219.1
Project("{FAE04EC0-301F-11D3-BF4B-00C04F79EFBC}") = "ActionsAndFunctions", "ActionsAndFunctions.csproj", "{70D333EC-4C01-4993-99C7-B81A4F0B72A6}"
EndProject
Global
	GlobalSection(SolutionConfigurationPlatforms) = preSolution
		Debug|Any CPU = Debug|Any CPU
		Release|Any CPU = Release|Any CPU
	EndGlobalSection
	GlobalSection(ProjectConfigurationPlatforms) = postSolution
		{70D333EC-4C01-4993-99C7-B81A4F0B72A6}.Debug|Any CPU.ActiveCfg = Debug|Any CPU
		{70D333EC-4C01-4993-99C7-B81A4F0B72A6}.Debug|Any CPU.Build.0 = Debug|Any CPU
		{70D333EC-4C01-4993-99C7-B81A4F0B72A6}.Release|Any CPU.ActiveCfg = Release|Any CPU
		{70D333EC-4C01-4993-99C7-B81A4F0B72A6}.Release|Any CPU.Build.0 = Release|Any CPU
	EndGlobalSection
	GlobalSection(SolutionProperties) = preSolution
		HideSolutionNode = FALSE
	EndGlobalSection
	GlobalSection(ExtensibilityGlobals) = postSolution
		SolutionGuid = {1FF5E044-18AE-458A-9BE5-07EFD84D077D}
	EndGlobalSection
EndGlobal
