
Microsoft Visual Studio Solution File, Format Version 12.00
# Visual Studio Version 17
VisualStudioVersion = 17.2.32516.85
MinimumVisualStudioVersion = 10.0.40219.1
Project("{FAE04EC0-301F-11D3-BF4B-00C04F79EFBC}") = "ExpressionTreesPlayground", "ExpressionTreesPlayground.csproj", "{F8AE6B97-B1E5-47C6-AC6E-C48E6441B464}"
EndProject
Global
	GlobalSection(SolutionConfigurationPlatforms) = preSolution
		Debug|Any CPU = Debug|Any CPU
		Release|Any CPU = Release|Any CPU
	EndGlobalSection
	GlobalSection(ProjectConfigurationPlatforms) = postSolution
		{F8AE6B97-B1E5-47C6-AC6E-C48E6441B464}.Debug|Any CPU.ActiveCfg = Debug|Any CPU
		{F8AE6B97-B1E5-47C6-AC6E-C48E6441B464}.Debug|Any CPU.Build.0 = Debug|Any CPU
		{F8AE6B97-B1E5-47C6-AC6E-C48E6441B464}.Release|Any CPU.ActiveCfg = Release|Any CPU
		{F8AE6B97-B1E5-47C6-AC6E-C48E6441B464}.Release|Any CPU.Build.0 = Release|Any CPU
	EndGlobalSection
	GlobalSection(SolutionProperties) = preSolution
		HideSolutionNode = FALSE
	EndGlobalSection
	GlobalSection(ExtensibilityGlobals) = postSolution
		SolutionGuid = {F50C9099-A497-4462-BD21-132A390003AE}
	EndGlobalSection
EndGlobal
